// !$*UTF8*$!
{
	archiveVersion = 1;
	classes = {
	};
	objectVersion = 50;
	objects = {

/* Begin PBXBuildFile section */
		2DECC7DF23EB323F00C20F3F /* KnobControlJN.framework in Frameworks */ = {isa = PBXBuildFile; fileRef = 2DECC7D523EB323F00C20F3F /* KnobControlJN.framework */; };
		2DECC7E423EB323F00C20F3F /* KnobControlJNTests.swift in Sources */ = {isa = PBXBuildFile; fileRef = 2DECC7E323EB323F00C20F3F /* KnobControlJNTests.swift */; };
		2DECC7E623EB323F00C20F3F /* KnobControlJN.h in Headers */ = {isa = PBXBuildFile; fileRef = 2DECC7D823EB323F00C20F3F /* KnobControlJN.h */; settings = {ATTRIBUTES = (Public, ); }; };
		2DECC7F223EB340D00C20F3F /* Knob.swift in Sources */ = {isa = PBXBuildFile; fileRef = 2DECC7F123EB340D00C20F3F /* Knob.swift */; };
		2DECC7F423EB35D400C20F3F /* KnobRenderer.swift in Sources */ = {isa = PBXBuildFile; fileRef = 2DECC7F323EB35D400C20F3F /* KnobRenderer.swift */; };
		2DECC7F623EB37B900C20F3F /* RotationGestureRecognizer.swift in Sources */ = {isa = PBXBuildFile; fileRef = 2DECC7F523EB37B900C20F3F /* RotationGestureRecognizer.swift */; };
/* End PBXBuildFile section */

/* Begin PBXContainerItemProxy section */
		2DECC7E023EB323F00C20F3F /* PBXContainerItemProxy */ = {
			isa = PBXContainerItemProxy;
			containerPortal = 2DECC7CC23EB323F00C20F3F /* Project object */;
			proxyType = 1;
			remoteGlobalIDString = 2DECC7D423EB323F00C20F3F;
			remoteInfo = KnobControlJN;
		};
/* End PBXContainerItemProxy section */

/* Begin PBXFileReference section */
		2DECC7D523EB323F00C20F3F /* KnobControlJN.framework */ = {isa = PBXFileReference; explicitFileType = wrapper.framework; includeInIndex = 0; path = KnobControlJN.framework; sourceTree = BUILT_PRODUCTS_DIR; };
		2DECC7D823EB323F00C20F3F /* KnobControlJN.h */ = {isa = PBXFileReference; lastKnownFileType = sourcecode.c.h; path = KnobControlJN.h; sourceTree = "<group>"; };
		2DECC7D923EB323F00C20F3F /* Info.plist */ = {isa = PBXFileReference; lastKnownFileType = text.plist.xml; path = Info.plist; sourceTree = "<group>"; };
		2DECC7DE23EB323F00C20F3F /* KnobControlJNTests.xctest */ = {isa = PBXFileReference; explicitFileType = wrapper.cfbundle; includeInIndex = 0; path = KnobControlJNTests.xctest; sourceTree = BUILT_PRODUCTS_DIR; };
		2DECC7E323EB323F00C20F3F /* KnobControlJNTests.swift */ = {isa = PBXFileReference; lastKnownFileType = sourcecode.swift; path = KnobControlJNTests.swift; sourceTree = "<group>"; };
		2DECC7E523EB323F00C20F3F /* Info.plist */ = {isa = PBXFileReference; lastKnownFileType = text.plist.xml; path = Info.plist; sourceTree = "<group>"; };
		2DECC7F123EB340D00C20F3F /* Knob.swift */ = {isa = PBXFileReference; fileEncoding = 4; lastKnownFileType = sourcecode.swift; path = Knob.swift; sourceTree = "<group>"; };
		2DECC7F323EB35D400C20F3F /* KnobRenderer.swift */ = {isa = PBXFileReference; lastKnownFileType = sourcecode.swift; path = KnobRenderer.swift; sourceTree = "<group>"; };
		2DECC7F523EB37B900C20F3F /* RotationGestureRecognizer.swift */ = {isa = PBXFileReference; lastKnownFileType = sourcecode.swift; path = RotationGestureRecognizer.swift; sourceTree = "<group>"; };
/* End PBXFileReference section */

/* Begin PBXFrameworksBuildPhase section */
		2DECC7D223EB323F00C20F3F /* Frameworks */ = {
			isa = PBXFrameworksBuildPhase;
			buildActionMask = 2147483647;
			files = (
			);
			runOnlyForDeploymentPostprocessing = 0;
		};
		2DECC7DB23EB323F00C20F3F /* Frameworks */ = {
			isa = PBXFrameworksBuildPhase;
			buildActionMask = 2147483647;
			files = (
				2DECC7DF23EB323F00C20F3F /* KnobControlJN.framework in Frameworks */,
			);
			runOnlyForDeploymentPostprocessing = 0;
		};
/* End PBXFrameworksBuildPhase section */

/* Begin PBXGroup section */
		2DECC7CB23EB323F00C20F3F = {
			isa = PBXGroup;
			children = (
				2DECC7D723EB323F00C20F3F /* KnobControlJN */,
				2DECC7E223EB323F00C20F3F /* KnobControlJNTests */,
				2DECC7D623EB323F00C20F3F /* Products */,
			);
			sourceTree = "<group>";
		};
		2DECC7D623EB323F00C20F3F /* Products */ = {
			isa = PBXGroup;
			children = (
				2DECC7D523EB323F00C20F3F /* KnobControlJN.framework */,
				2DECC7DE23EB323F00C20F3F /* KnobControlJNTests.xctest */,
			);
			name = Products;
			sourceTree = "<group>";
		};
		2DECC7D723EB323F00C20F3F /* KnobControlJN */ = {
			isa = PBXGroup;
			children = (
				2DECC7F123EB340D00C20F3F /* Knob.swift */,
				2DECC7D823EB323F00C20F3F /* KnobControlJN.h */,
				2DECC7D923EB323F00C20F3F /* Info.plist */,
				2DECC7F323EB35D400C20F3F /* KnobRenderer.swift */,
				2DECC7F523EB37B900C20F3F /* RotationGestureRecognizer.swift */,
			);
			path = KnobControlJN;
			sourceTree = "<group>";
		};
		2DECC7E223EB323F00C20F3F /* KnobControlJNTests */ = {
			isa = PBXGroup;
			children = (
				2DECC7E323EB323F00C20F3F /* KnobControlJNTests.swift */,
				2DECC7E523EB323F00C20F3F /* Info.plist */,
			);
			path = KnobControlJNTests;
			sourceTree = "<group>";
		};
/* End PBXGroup section */

/* Begin PBXHeadersBuildPhase section */
		2DECC7D023EB323F00C20F3F /* Headers */ = {
			isa = PBXHeadersBuildPhase;
			buildActionMask = 2147483647;
			files = (
				2DECC7E623EB323F00C20F3F /* KnobControlJN.h in Headers */,
			);
			runOnlyForDeploymentPostprocessing = 0;
		};
/* End PBXHeadersBuildPhase section */

/* Begin PBXNativeTarget section */
		2DECC7D423EB323F00C20F3F /* KnobControlJN */ = {
			isa = PBXNativeTarget;
			buildConfigurationList = 2DECC7E923EB323F00C20F3F /* Build configuration list for PBXNativeTarget "KnobControlJN" */;
			buildPhases = (
				2DECC7D023EB323F00C20F3F /* Headers */,
				2DECC7D123EB323F00C20F3F /* Sources */,
				2DECC7D223EB323F00C20F3F /* Frameworks */,
				2DECC7D323EB323F00C20F3F /* Resources */,
			);
			buildRules = (
			);
			dependencies = (
			);
			name = KnobControlJN;
			productName = KnobControlJN;
			productReference = 2DECC7D523EB323F00C20F3F /* KnobControlJN.framework */;
			productType = "com.apple.product-type.framework";
		};
		2DECC7DD23EB323F00C20F3F /* KnobControlJNTests */ = {
			isa = PBXNativeTarget;
			buildConfigurationList = 2DECC7EC23EB324000C20F3F /* Build configuration list for PBXNativeTarget "KnobControlJNTests" */;
			buildPhases = (
				2DECC7DA23EB323F00C20F3F /* Sources */,
				2DECC7DB23EB323F00C20F3F /* Frameworks */,
				2DECC7DC23EB323F00C20F3F /* Resources */,
			);
			buildRules = (
			);
			dependencies = (
				2DECC7E123EB323F00C20F3F /* PBXTargetDependency */,
			);
			name = KnobControlJNTests;
			productName = KnobControlJNTests;
			productReference = 2DECC7DE23EB323F00C20F3F /* KnobControlJNTests.xctest */;
			productType = "com.apple.product-type.bundle.unit-test";
		};
/* End PBXNativeTarget section */

/* Begin PBXProject section */
		2DECC7CC23EB323F00C20F3F /* Project object */ = {
			isa = PBXProject;
			attributes = {
				LastSwiftUpdateCheck = 1130;
				LastUpgradeCheck = 1130;
				ORGANIZATIONNAME = jn;
				TargetAttributes = {
					2DECC7D423EB323F00C20F3F = {
						CreatedOnToolsVersion = 11.3;
						LastSwiftMigration = 1130;
					};
					2DECC7DD23EB323F00C20F3F = {
						CreatedOnToolsVersion = 11.3;
					};
				};
			};
			buildConfigurationList = 2DECC7CF23EB323F00C20F3F /* Build configuration list for PBXProject "KnobControlJN" */;
			compatibilityVersion = "Xcode 9.3";
			developmentRegion = en;
			hasScannedForEncodings = 0;
			knownRegions = (
				en,
				Base,
			);
			mainGroup = 2DECC7CB23EB323F00C20F3F;
			productRefGroup = 2DECC7D623EB323F00C20F3F /* Products */;
			projectDirPath = "";
			projectRoot = "";
			targets = (
				2DECC7D423EB323F00C20F3F /* KnobControlJN */,
				2DECC7DD23EB323F00C20F3F /* KnobControlJNTests */,
			);
		};
/* End PBXProject section */

/* Begin PBXResourcesBuildPhase section */
		2DECC7D323EB323F00C20F3F /* Resources */ = {
			isa = PBXResourcesBuildPhase;
			buildActionMask = 2147483647;
			files = (
			);
			runOnlyForDeploymentPostprocessing = 0;
		};
		2DECC7DC23EB323F00C20F3F /* Resources */ = {
			isa = PBXResourcesBuildPhase;
			buildActionMask = 2147483647;
			files = (
			);
			runOnlyForDeploymentPostprocessing = 0;
		};
/* End PBXResourcesBuildPhase section */

/* Begin PBXSourcesBuildPhase section */
		2DECC7D123EB323F00C20F3F /* Sources */ = {
			isa = PBXSourcesBuildPhase;
			buildActionMask = 2147483647;
			files = (
				2DECC7F423EB35D400C20F3F /* KnobRenderer.swift in Sources */,
				2DECC7F623EB37B900C20F3F /* RotationGestureRecognizer.swift in Sources */,
				2DECC7F223EB340D00C20F3F /* Knob.swift in Sources */,
			);
			runOnlyForDeploymentPostprocessing = 0;
		};
		2DECC7DA23EB323F00C20F3F /* Sources */ = {
			isa = PBXSourcesBuildPhase;
			buildActionMask = 2147483647;
			files = (
				2DECC7E423EB323F00C20F3F /* KnobControlJNTests.swift in Sources */,
			);
			runOnlyForDeploymentPostprocessing = 0;
		};
/* End PBXSourcesBuildPhase section */

/* Begin PBXTargetDependency section */
		2DECC7E123EB323F00C20F3F /* PBXTargetDependency */ = {
			isa = PBXTargetDependency;
			target = 2DECC7D423EB323F00C20F3F /* KnobControlJN */;
			targetProxy = 2DECC7E023EB323F00C20F3F /* PBXContainerItemProxy */;
		};
/* End PBXTargetDependency section */

/* Begin XCBuildConfiguration section */
		2DECC7E723EB323F00C20F3F /* Debug */ = {
			isa = XCBuildConfiguration;
			buildSettings = {
				ALWAYS_SEARCH_USER_PATHS = NO;
				CLANG_ANALYZER_NONNULL = YES;
				CLANG_ANALYZER_NUMBER_OBJECT_CONVERSION = YES_AGGRESSIVE;
				CLANG_CXX_LANGUAGE_STANDARD = "gnu++14";
				CLANG_CXX_LIBRARY = "libc++";
				CLANG_ENABLE_MODULES = YES;
				CLANG_ENABLE_OBJC_ARC = YES;
				CLANG_ENABLE_OBJC_WEAK = YES;
				CLANG_WARN_BLOCK_CAPTURE_AUTORELEASING = YES;
				CLANG_WARN_BOOL_CONVERSION = YES;
				CLANG_WARN_COMMA = YES;
				CLANG_WARN_CONSTANT_CONVERSION = YES;
				CLANG_WARN_DEPRECATED_OBJC_IMPLEMENTATIONS = YES;
				CLANG_WARN_DIRECT_OBJC_ISA_USAGE = YES_ERROR;
				CLANG_WARN_DOCUMENTATION_COMMENTS = YES;
				CLANG_WARN_EMPTY_BODY = YES;
				CLANG_WARN_ENUM_CONVERSION = YES;
				CLANG_WARN_INFINITE_RECURSION = YES;
				CLANG_WARN_INT_CONVERSION = YES;
				CLANG_WARN_NON_LITERAL_NULL_CONVERSION = YES;
				CLANG_WARN_OBJC_IMPLICIT_RETAIN_SELF = YES;
				CLANG_WARN_OBJC_LITERAL_CONVERSION = YES;
				CLANG_WARN_OBJC_ROOT_CLASS = YES_ERROR;
				CLANG_WARN_RANGE_LOOP_ANALYSIS = YES;
				CLANG_WARN_STRICT_PROTOTYPES = YES;
				CLANG_WARN_SUSPICIOUS_MOVE = YES;
				CLANG_WARN_UNGUARDED_AVAILABILITY = YES_AGGRESSIVE;
				CLANG_WARN_UNREACHABLE_CODE = YES;
				CLANG_WARN__DUPLICATE_METHOD_MATCH = YES;
				COPY_PHASE_STRIP = NO;
				CURRENT_PROJECT_VERSION = 1;
				DEBUG_INFORMATION_FORMAT = dwarf;
				ENABLE_STRICT_OBJC_MSGSEND = YES;
				ENABLE_TESTABILITY = YES;
				GCC_C_LANGUAGE_STANDARD = gnu11;
				GCC_DYNAMIC_NO_PIC = NO;
				GCC_NO_COMMON_BLOCKS = YES;
				GCC_OPTIMIZATION_LEVEL = 0;
				GCC_PREPROCESSOR_DEFINITIONS = (
					"DEBUG=1",
					"$(inherited)",
				);
				GCC_WARN_64_TO_32_BIT_CONVERSION = YES;
				GCC_WARN_ABOUT_RETURN_TYPE = YES_ERROR;
				GCC_WARN_UNDECLARED_SELECTOR = YES;
				GCC_WARN_UNINITIALIZED_AUTOS = YES_AGGRESSIVE;
				GCC_WARN_UNUSED_FUNCTION = YES;
				GCC_WARN_UNUSED_VARIABLE = YES;
				IPHONEOS_DEPLOYMENT_TARGET = 13.2;
				MTL_ENABLE_DEBUG_INFO = INCLUDE_SOURCE;
				MTL_FAST_MATH = YES;
				ONLY_ACTIVE_ARCH = YES;
				SDKROOT = iphoneos;
				SWIFT_ACTIVE_COMPILATION_CONDITIONS = DEBUG;
				SWIFT_OPTIMIZATION_LEVEL = "-Onone";
				VERSIONING_SYSTEM = "apple-generic";
				VERSION_INFO_PREFIX = "";
			};
			name = Debug;
		};
		2DECC7E823EB323F00C20F3F /* Release */ = {
			isa = XCBuildConfiguration;
			buildSettings = {
				ALWAYS_SEARCH_USER_PATHS = NO;
				CLANG_ANALYZER_NONNULL = YES;
				CLANG_ANALYZER_NUMBER_OBJECT_CONVERSION = YES_AGGRESSIVE;
				CLANG_CXX_LANGUAGE_STANDARD = "gnu++14";
				CLANG_CXX_LIBRARY = "libc++";
				CLANG_ENABLE_MODULES = YES;
				CLANG_ENABLE_OBJC_ARC = YES;
				CLANG_ENABLE_OBJC_WEAK = YES;
				CLANG_WARN_BLOCK_CAPTURE_AUTORELEASING = YES;
				CLANG_WARN_BOOL_CONVERSION = YES;
				CLANG_WARN_COMMA = YES;
				CLANG_WARN_CONSTANT_CONVERSION = YES;
				CLANG_WARN_DEPRECATED_OBJC_IMPLEMENTATIONS = YES;
				CLANG_WARN_DIRECT_OBJC_ISA_USAGE = YES_ERROR;
				CLANG_WARN_DOCUMENTATION_COMMENTS = YES;
				CLANG_WARN_EMPTY_BODY = YES;
				CLANG_WARN_ENUM_CONVERSION = YES;
				CLANG_WARN_INFINITE_RECURSION = YES;
				CLANG_WARN_INT_CONVERSION = YES;
				CLANG_WARN_NON_LITERAL_NULL_CONVERSION = YES;
				CLANG_WARN_OBJC_IMPLICIT_RETAIN_SELF = YES;
				CLANG_WARN_OBJC_LITERAL_CONVERSION = YES;
				CLANG_WARN_OBJC_ROOT_CLASS = YES_ERROR;
				CLANG_WARN_RANGE_LOOP_ANALYSIS = YES;
				CLANG_WARN_STRICT_PROTOTYPES = YES;
				CLANG_WARN_SUSPICIOUS_MOVE = YES;
				CLANG_WARN_UNGUARDED_AVAILABILITY = YES_AGGRESSIVE;
				CLANG_WARN_UNREACHABLE_CODE = YES;
				CLANG_WARN__DUPLICATE_METHOD_MATCH = YES;
				COPY_PHASE_STRIP = NO;
				CURRENT_PROJECT_VERSION = 1;
				DEBUG_INFORMATION_FORMAT = "dwarf-with-dsym";
				ENABLE_NS_ASSERTIONS = NO;
				ENABLE_STRICT_OBJC_MSGSEND = YES;
				GCC_C_LANGUAGE_STANDARD = gnu11;
				GCC_NO_COMMON_BLOCKS = YES;
				GCC_WARN_64_TO_32_BIT_CONVERSION = YES;
				GCC_WARN_ABOUT_RETURN_TYPE = YES_ERROR;
				GCC_WARN_UNDECLARED_SELECTOR = YES;
				GCC_WARN_UNINITIALIZED_AUTOS = YES_AGGRESSIVE;
				GCC_WARN_UNUSED_FUNCTION = YES;
				GCC_WARN_UNUSED_VARIABLE = YES;
				IPHONEOS_DEPLOYMENT_TARGET = 13.2;
				MTL_ENABLE_DEBUG_INFO = NO;
				MTL_FAST_MATH = YES;
				SDKROOT = iphoneos;
				SWIFT_COMPILATION_MODE = wholemodule;
				SWIFT_OPTIMIZATION_LEVEL = "-O";
				VALIDATE_PRODUCT = YES;
				VERSIONING_SYSTEM = "apple-generic";
				VERSION_INFO_PREFIX = "";
			};
			name = Release;
		};
		2DECC7EA23EB323F00C20F3F /* Debug */ = {
			isa = XCBuildConfiguration;
			buildSettings = {
				CLANG_ENABLE_MODULES = YES;
				CODE_SIGN_STYLE = Automatic;
				DEFINES_MODULE = YES;
				DYLIB_COMPATIBILITY_VERSION = 1;
				DYLIB_CURRENT_VERSION = 1;
				DYLIB_INSTALL_NAME_BASE = "@rpath";
				INFOPLIST_FILE = KnobControlJN/Info.plist;
				INSTALL_PATH = "$(LOCAL_LIBRARY_DIR)/Frameworks";
				LD_RUNPATH_SEARCH_PATHS = (
					"$(inherited)",
					"@executable_path/Frameworks",
					"@loader_path/Frameworks",
				);
				PRODUCT_BUNDLE_IDENTIFIER = com.jn.KnobControlJN;
				PRODUCT_NAME = "$(TARGET_NAME:c99extidentifier)";
				SKIP_INSTALL = YES;
				SWIFT_OPTIMIZATION_LEVEL = "-Onone";
				SWIFT_VERSION = 5.0;
				TARGETED_DEVICE_FAMILY = "1,2";
			};
			name = Debug;
		};
		2DECC7EB23EB323F00C20F3F /* Release */ = {
			isa = XCBuildConfiguration;
			buildSettings = {
				CLANG_ENABLE_MODULES = YES;
				CODE_SIGN_STYLE = Automatic;
				DEFINES_MODULE = YES;
				DYLIB_COMPATIBILITY_VERSION = 1;
				DYLIB_CURRENT_VERSION = 1;
				DYLIB_INSTALL_NAME_BASE = "@rpath";
				INFOPLIST_FILE = KnobControlJN/Info.plist;
				INSTALL_PATH = "$(LOCAL_LIBRARY_DIR)/Frameworks";
				LD_RUNPATH_SEARCH_PATHS = (
					"$(inherited)",
					"@executable_path/Frameworks",
					"@loader_path/Frameworks",
				);
				PRODUCT_BUNDLE_IDENTIFIER = com.jn.KnobControlJN;
				PRODUCT_NAME = "$(TARGET_NAME:c99extidentifier)";
				SKIP_INSTALL = YES;
				SWIFT_VERSION = 5.0;
				TARGETED_DEVICE_FAMILY = "1,2";
			};
			name = Release;
		};
		2DECC7ED23EB324000C20F3F /* Debug */ = {
			isa = XCBuildConfiguration;
			buildSettings = {
				ALWAYS_EMBED_SWIFT_STANDARD_LIBRARIES = YES;
				CODE_SIGN_STYLE = Automatic;
				INFOPLIST_FILE = KnobControlJNTests/Info.plist;
				LD_RUNPATH_SEARCH_PATHS = (
					"$(inherited)",
					"@executable_path/Frameworks",
					"@loader_path/Frameworks",
				);
				PRODUCT_BUNDLE_IDENTIFIER = com.jn.KnobControlJNTests;
				PRODUCT_NAME = "$(TARGET_NAME)";
				SWIFT_VERSION = 5.0;
				TARGETED_DEVICE_FAMILY = "1,2";
			};
			name = Debug;
		};
		2DECC7EE23EB324000C20F3F /* Release */ = {
			isa = XCBuildConfiguration;
			buildSettings = {
				ALWAYS_EMBED_SWIFT_STANDARD_LIBRARIES = YES;
				CODE_SIGN_STYLE = Automatic;
				INFOPLIST_FILE = KnobControlJNTests/Info.plist;
				LD_RUNPATH_SEARCH_PATHS = (
					"$(inherited)",
					"@executable_path/Frameworks",
					"@loader_path/Frameworks",
				);
				PRODUCT_BUNDLE_IDENTIFIER = com.jn.KnobControlJNTests;
				PRODUCT_NAME = "$(TARGET_NAME)";
				SWIFT_VERSION = 5.0;
				TARGETED_DEVICE_FAMILY = "1,2";
			};
			name = Release;
		};
/* End XCBuildConfiguration section */

/* Begin XCConfigurationList section */
		2DECC7CF23EB323F00C20F3F /* Build configuration list for PBXProject "KnobControlJN" */ = {
			isa = XCConfigurationList;
			buildConfigurations = (
				2DECC7E723EB323F00C20F3F /* Debug */,
				2DECC7E823EB323F00C20F3F /* Release */,
			);
			defaultConfigurationIsVisible = 0;
			defaultConfigurationName = Release;
		};
		2DECC7E923EB323F00C20F3F /* Build configuration list for PBXNativeTarget "KnobControlJN" */ = {
			isa = XCConfigurationList;
			buildConfigurations = (
				2DECC7EA23EB323F00C20F3F /* Debug */,
				2DECC7EB23EB323F00C20F3F /* Release */,
			);
			defaultConfigurationIsVisible = 0;
			defaultConfigurationName = Release;
		};
		2DECC7EC23EB324000C20F3F /* Build configuration list for PBXNativeTarget "KnobControlJNTests" */ = {
			isa = XCConfigurationList;
			buildConfigurations = (
				2DECC7ED23EB324000C20F3F /* Debug */,
				2DECC7EE23EB324000C20F3F /* Release */,
			);
			defaultConfigurationIsVisible = 0;
			defaultConfigurationName = Release;
		};
/* End XCConfigurationList section */
	};
	rootObject = 2DECC7CC23EB323F00C20F3F /* Project object */;
}
